Microsoft Visual Studio Solution File, Format Version 8.00
Project("{8BC9CEB8-8B4A-11D0-8D11-00A0C91BC942}") = "AI", "AI.vcproj", "{73DE4C81-1AA6-459A-A1B4-A1BB6213DA7F}"
	ProjectSection(ProjectDependencies) = postProject
	EndProjectSection
EndProject
Global
	GlobalSection(SolutionConfiguration) = preSolution
		Debug = Debug
		Release = Release
	EndGlobalSection
	GlobalSection(ProjectConfiguration) = postSolution
		{73DE4C81-1AA6-459A-A1B4-A1BB6213DA7F}.Debug.ActiveCfg = Debug|Win32
		{73DE4C81-1AA6-459A-A1B4-A1BB6213DA7F}.Debug.Build.0 = Debug|Win32
		{73DE4C81-1AA6-459A-A1B4-A1BB6213DA7F}.Release.ActiveCfg = Release|Win32
		{73DE4C81-1AA6-459A-A1B4-A1BB6213DA7F}.Release.Build.0 = Release|Win32
	EndGlobalSection
	GlobalSection(ExtensibilityGlobals) = postSolution
	EndGlobalSection
	GlobalSection(ExtensibilityAddIns) = postSolution
	EndGlobalSection
EndGlobal
